// !$*UTF8*$!
{
	archiveVersion = 1;
	classes = {
	};
	objectVersion = 48;
	objects = {

/* Begin PBXBuildFile section */
		3B10361E203FFE38005BA7DA /* PreviewPhotoContainerView.swift in Sources */ = {isa = PBXBuildFile; fileRef = 3B10361D203FFE38005BA7DA /* PreviewPhotoContainerView.swift */; };
		3B31A865202B213B002AE3FA /* Post.swift in Sources */ = {isa = PBXBuildFile; fileRef = 3B31A864202B213B002AE3FA /* Post.swift */; };
		3B31A867202B21C2002AE3FA /* UserProfileCell.swift in Sources */ = {isa = PBXBuildFile; fileRef = 3B31A866202B21C2002AE3FA /* UserProfileCell.swift */; };
		3B390F3F202F20CE00D6B65C /* UserSearchCell.swift in Sources */ = {isa = PBXBuildFile; fileRef = 3B390F3E202F20CE00D6B65C /* UserSearchCell.swift */; };
		3B543DC62098300F00C43EFD /* CommentCell.swift in Sources */ = {isa = PBXBuildFile; fileRef = 3B543DC52098300F00C43EFD /* CommentCell.swift */; };
		3B543DC82098313800C43EFD /* Comment.swift in Sources */ = {isa = PBXBuildFile; fileRef = 3B543DC72098313800C43EFD /* Comment.swift */; };
		3B660FBF202981AE00596DF6 /* PhotoSelectorController.swift in Sources */ = {isa = PBXBuildFile; fileRef = 3B660FBE202981AE00596DF6 /* PhotoSelectorController.swift */; };
		3B660FC12029A80D00596DF6 /* PhotoSelectorCell.swift in Sources */ = {isa = PBXBuildFile; fileRef = 3B660FC02029A80D00596DF6 /* PhotoSelectorCell.swift */; };
		3B71FAB42029F92900D5745E /* PhotoSelectorHeader.swift in Sources */ = {isa = PBXBuildFile; fileRef = 3B71FAB32029F92900D5745E /* PhotoSelectorHeader.swift */; };
		3B71FAB6202ACE5700D5745E /* SharePhotoController.swift in Sources */ = {isa = PBXBuildFile; fileRef = 3B71FAB5202ACE5700D5745E /* SharePhotoController.swift */; };
		3B71FAB8202B549E00D5745E /* CustomImageView.swift in Sources */ = {isa = PBXBuildFile; fileRef = 3B71FAB7202B549E00D5745E /* CustomImageView.swift */; };
		3B71FABA202D70A400D5745E /* User.swift in Sources */ = {isa = PBXBuildFile; fileRef = 3B71FAB9202D70A400D5745E /* User.swift */; };
		3B71FABD202F1B5B00D5745E /* UserSearchController.swift in Sources */ = {isa = PBXBuildFile; fileRef = 3B71FABC202F1B5B00D5745E /* UserSearchController.swift */; };
		3B7C61DD2047C73C00586B2B /* CommentsController.swift in Sources */ = {isa = PBXBuildFile; fileRef = 3B7C61DC2047C73C00586B2B /* CommentsController.swift */; };
		3B9E21AE2041194F00CE6E10 /* CustomAnimationPresentor.swift in Sources */ = {isa = PBXBuildFile; fileRef = 3B9E21AD2041194F00CE6E10 /* CustomAnimationPresentor.swift */; };
		3B9E21B02041A42200CE6E10 /* CustomAnimationDissmissor.swift in Sources */ = {isa = PBXBuildFile; fileRef = 3B9E21AF2041A42200CE6E10 /* CustomAnimationDissmissor.swift */; };
		3BA71DBF203B1C4700B7534F /* CameraController.swift in Sources */ = {isa = PBXBuildFile; fileRef = 3BA71DBE203B1C4700B7534F /* CameraController.swift */; };
		3BB177CD202C113A004615AA /* HomeController.swift in Sources */ = {isa = PBXBuildFile; fileRef = 3BB177CC202C113A004615AA /* HomeController.swift */; };
		3BB177CF202C1164004615AA /* HomePostCell.swift in Sources */ = {isa = PBXBuildFile; fileRef = 3BB177CE202C1164004615AA /* HomePostCell.swift */; };
		3BFEE4AE202584B9009398A6 /* AppDelegate.swift in Sources */ = {isa = PBXBuildFile; fileRef = 3BFEE4AD202584B9009398A6 /* AppDelegate.swift */; };
		3BFEE4B0202584B9009398A6 /* SignUpViewController.swift in Sources */ = {isa = PBXBuildFile; fileRef = 3BFEE4AF202584B9009398A6 /* SignUpViewController.swift */; };
		3BFEE4B5202584B9009398A6 /* Assets.xcassets in Resources */ = {isa = PBXBuildFile; fileRef = 3BFEE4B4202584B9009398A6 /* Assets.xcassets */; };
		3BFEE4B8202584B9009398A6 /* LaunchScreen.storyboard in Resources */ = {isa = PBXBuildFile; fileRef = 3BFEE4B6202584B9009398A6 /* LaunchScreen.storyboard */; };
		3BFEE4C12025D89B009398A6 /* extensions.swift in Sources */ = {isa = PBXBuildFile; fileRef = 3BFEE4C02025D89B009398A6 /* extensions.swift */; };
		3BFEE4C32025E59F009398A6 /* GoogleService-Info.plist in Resources */ = {isa = PBXBuildFile; fileRef = 3BFEE4C22025E59F009398A6 /* GoogleService-Info.plist */; };
		3BFEE4C52026FCF5009398A6 /* MainTabBarController.swift in Sources */ = {isa = PBXBuildFile; fileRef = 3BFEE4C42026FCF5009398A6 /* MainTabBarController.swift */; };
		3BFEE4C72026FDAF009398A6 /* UserProfileController.swift in Sources */ = {isa = PBXBuildFile; fileRef = 3BFEE4C62026FDAF009398A6 /* UserProfileController.swift */; };
		3BFEE4CD202722A7009398A6 /* UserProfileHeader.swift in Sources */ = {isa = PBXBuildFile; fileRef = 3BFEE4CC202722A7009398A6 /* UserProfileHeader.swift */; };
		3BFEE4DF20276805009398A6 /* LoginViewController.swift in Sources */ = {isa = PBXBuildFile; fileRef = 3BFEE4DE20276805009398A6 /* LoginViewController.swift */; };
		534B55CA546935C05E208A28 /* Pods_InstragramFirebase.framework in Frameworks */ = {isa = PBXBuildFile; fileRef = B4B4AFA952E879117615A049 /* Pods_InstragramFirebase.framework */; };
/* End PBXBuildFile section */

/* Begin PBXFileReference section */
		3B10361D203FFE38005BA7DA /* PreviewPhotoContainerView.swift */ = {isa = PBXFileReference; lastKnownFileType = sourcecode.swift; path = PreviewPhotoContainerView.swift; sourceTree = "<group>"; };
		3B31A864202B213B002AE3FA /* Post.swift */ = {isa = PBXFileReference; lastKnownFileType = sourcecode.swift; path = Post.swift; sourceTree = "<group>"; };
		3B31A866202B21C2002AE3FA /* UserProfileCell.swift */ = {isa = PBXFileReference; lastKnownFileType = sourcecode.swift; path = UserProfileCell.swift; sourceTree = "<group>"; };
		3B390F3E202F20CE00D6B65C /* UserSearchCell.swift */ = {isa = PBXFileReference; lastKnownFileType = sourcecode.swift; path = UserSearchCell.swift; sourceTree = "<group>"; };
		3B543DC52098300F00C43EFD /* CommentCell.swift */ = {isa = PBXFileReference; lastKnownFileType = sourcecode.swift; path = CommentCell.swift; sourceTree = "<group>"; };
		3B543DC72098313800C43EFD /* Comment.swift */ = {isa = PBXFileReference; lastKnownFileType = sourcecode.swift; path = Comment.swift; sourceTree = "<group>"; };
		3B660FBE202981AE00596DF6 /* PhotoSelectorController.swift */ = {isa = PBXFileReference; lastKnownFileType = sourcecode.swift; path = PhotoSelectorController.swift; sourceTree = "<group>"; };
		3B660FC02029A80D00596DF6 /* PhotoSelectorCell.swift */ = {isa = PBXFileReference; lastKnownFileType = sourcecode.swift; path = PhotoSelectorCell.swift; sourceTree = "<group>"; };
		3B71FAAC2029BBD800D5745E /* GoogleToolboxForMac.framework */ = {isa = PBXFileReference; explicitFileType = wrapper.framework; path = GoogleToolboxForMac.framework; sourceTree = BUILT_PRODUCTS_DIR; };
		3B71FAAE2029BBDB00D5745E /* GTMSessionFetcher.framework */ = {isa = PBXFileReference; explicitFileType = wrapper.framework; path = GTMSessionFetcher.framework; sourceTree = BUILT_PRODUCTS_DIR; };
		3B71FAB02029BBDF00D5745E /* leveldb.framework */ = {isa = PBXFileReference; explicitFileType = wrapper.framework; path = leveldb.framework; sourceTree = BUILT_PRODUCTS_DIR; };
		3B71FAB22029BBE400D5745E /* nanopb.framework */ = {isa = PBXFileReference; explicitFileType = wrapper.framework; path = nanopb.framework; sourceTree = BUILT_PRODUCTS_DIR; };
		3B71FAB32029F92900D5745E /* PhotoSelectorHeader.swift */ = {isa = PBXFileReference; lastKnownFileType = sourcecode.swift; path = PhotoSelectorHeader.swift; sourceTree = "<group>"; };
		3B71FAB5202ACE5700D5745E /* SharePhotoController.swift */ = {isa = PBXFileReference; lastKnownFileType = sourcecode.swift; path = SharePhotoController.swift; sourceTree = "<group>"; };
		3B71FAB7202B549E00D5745E /* CustomImageView.swift */ = {isa = PBXFileReference; lastKnownFileType = sourcecode.swift; path = CustomImageView.swift; sourceTree = "<group>"; };
		3B71FAB9202D70A400D5745E /* User.swift */ = {isa = PBXFileReference; lastKnownFileType = sourcecode.swift; path = User.swift; sourceTree = "<group>"; };
		3B71FABC202F1B5B00D5745E /* UserSearchController.swift */ = {isa = PBXFileReference; lastKnownFileType = sourcecode.swift; path = UserSearchController.swift; sourceTree = "<group>"; };
		3B7C61DC2047C73C00586B2B /* CommentsController.swift */ = {isa = PBXFileReference; lastKnownFileType = sourcecode.swift; path = CommentsController.swift; sourceTree = "<group>"; };
		3B9E21AD2041194F00CE6E10 /* CustomAnimationPresentor.swift */ = {isa = PBXFileReference; lastKnownFileType = sourcecode.swift; path = CustomAnimationPresentor.swift; sourceTree = "<group>"; };
		3B9E21AF2041A42200CE6E10 /* CustomAnimationDissmissor.swift */ = {isa = PBXFileReference; lastKnownFileType = sourcecode.swift; path = CustomAnimationDissmissor.swift; sourceTree = "<group>"; };
		3BA71DBE203B1C4700B7534F /* CameraController.swift */ = {isa = PBXFileReference; lastKnownFileType = sourcecode.swift; path = CameraController.swift; sourceTree = "<group>"; };
		3BB177CC202C113A004615AA /* HomeController.swift */ = {isa = PBXFileReference; lastKnownFileType = sourcecode.swift; path = HomeController.swift; sourceTree = "<group>"; };
		3BB177CE202C1164004615AA /* HomePostCell.swift */ = {isa = PBXFileReference; lastKnownFileType = sourcecode.swift; path = HomePostCell.swift; sourceTree = "<group>"; };
		3BFEE4AA202584B9009398A6 /* InstragramFirebase.app */ = {isa = PBXFileReference; explicitFileType = wrapper.application; includeInIndex = 0; path = InstragramFirebase.app; sourceTree = BUILT_PRODUCTS_DIR; };
		3BFEE4AD202584B9009398A6 /* AppDelegate.swift */ = {isa = PBXFileReference; lastKnownFileType = sourcecode.swift; path = AppDelegate.swift; sourceTree = "<group>"; };
		3BFEE4AF202584B9009398A6 /* SignUpViewController.swift */ = {isa = PBXFileReference; lastKnownFileType = sourcecode.swift; path = SignUpViewController.swift; sourceTree = "<group>"; };
		3BFEE4B4202584B9009398A6 /* Assets.xcassets */ = {isa = PBXFileReference; lastKnownFileType = folder.assetcatalog; path = Assets.xcassets; sourceTree = "<group>"; };
		3BFEE4B7202584B9009398A6 /* Base */ = {isa = PBXFileReference; lastKnownFileType = file.storyboard; name = Base; path = Base.lproj/LaunchScreen.storyboard; sourceTree = "<group>"; };
		3BFEE4B9202584B9009398A6 /* Info.plist */ = {isa = PBXFileReference; lastKnownFileType = text.plist.xml; path = Info.plist; sourceTree = "<group>"; };
		3BFEE4C02025D89B009398A6 /* extensions.swift */ = {isa = PBXFileReference; lastKnownFileType = sourcecode.swift; path = extensions.swift; sourceTree = "<group>"; };
		3BFEE4C22025E59F009398A6 /* GoogleService-Info.plist */ = {isa = PBXFileReference; fileEncoding = 4; lastKnownFileType = text.plist.xml; path = "GoogleService-Info.plist"; sourceTree = "<group>"; };
		3BFEE4C42026FCF5009398A6 /* MainTabBarController.swift */ = {isa = PBXFileReference; lastKnownFileType = sourcecode.swift; path = MainTabBarController.swift; sourceTree = "<group>"; };
		3BFEE4C62026FDAF009398A6 /* UserProfileController.swift */ = {isa = PBXFileReference; lastKnownFileType = sourcecode.swift; path = UserProfileController.swift; sourceTree = "<group>"; };
		3BFEE4CC202722A7009398A6 /* UserProfileHeader.swift */ = {isa = PBXFileReference; lastKnownFileType = sourcecode.swift; path = UserProfileHeader.swift; sourceTree = "<group>"; };
		3BFEE4DE20276805009398A6 /* LoginViewController.swift */ = {isa = PBXFileReference; lastKnownFileType = sourcecode.swift; path = LoginViewController.swift; sourceTree = "<group>"; };
		6369501C2BDB4C550281E0FA /* Pods-InstragramFirebase.debug.xcconfig */ = {isa = PBXFileReference; includeInIndex = 1; lastKnownFileType = text.xcconfig; name = "Pods-InstragramFirebase.debug.xcconfig"; path = "Pods/Target Support Files/Pods-InstragramFirebase/Pods-InstragramFirebase.debug.xcconfig"; sourceTree = "<group>"; };
		68D228C22BDE54AAF20F38CD /* Pods-InstragramFirebase.release.xcconfig */ = {isa = PBXFileReference; includeInIndex = 1; lastKnownFileType = text.xcconfig; name = "Pods-InstragramFirebase.release.xcconfig"; path = "Pods/Target Support Files/Pods-InstragramFirebase/Pods-InstragramFirebase.release.xcconfig"; sourceTree = "<group>"; };
		B4B4AFA952E879117615A049 /* Pods_InstragramFirebase.framework */ = {isa = PBXFileReference; explicitFileType = wrapper.framework; includeInIndex = 0; path = Pods_InstragramFirebase.framework; sourceTree = BUILT_PRODUCTS_DIR; };
/* End PBXFileReference section */

/* Begin PBXFrameworksBuildPhase section */
		3BFEE4A7202584B9009398A6 /* Frameworks */ = {
			isa = PBXFrameworksBuildPhase;
			buildActionMask = 2147483647;
			files = (
				534B55CA546935C05E208A28 /* Pods_InstragramFirebase.framework in Frameworks */,
			);
			runOnlyForDeploymentPostprocessing = 0;
		};
/* End PBXFrameworksBuildPhase section */

/* Begin PBXGroup section */
		18EEA3529E7962BAE3908051 /* Frameworks */ = {
			isa = PBXGroup;
			children = (
				3B71FAB22029BBE400D5745E /* nanopb.framework */,
				3B71FAB02029BBDF00D5745E /* leveldb.framework */,
				3B71FAAE2029BBDB00D5745E /* GTMSessionFetcher.framework */,
				3B71FAAC2029BBD800D5745E /* GoogleToolboxForMac.framework */,
				B4B4AFA952E879117615A049 /* Pods_InstragramFirebase.framework */,
			);
			name = Frameworks;
			sourceTree = "<group>";
		};
		3B31A863202B212A002AE3FA /* Model */ = {
			isa = PBXGroup;
			children = (
				3B31A864202B213B002AE3FA /* Post.swift */,
				3B71FAB9202D70A400D5745E /* User.swift */,
				3B543DC72098313800C43EFD /* Comment.swift */,
			);
			path = Model;
			sourceTree = "<group>";
		};
		3B660FBD2029817E00596DF6 /* AddPhoto */ = {
			isa = PBXGroup;
			children = (
				3B660FBE202981AE00596DF6 /* PhotoSelectorController.swift */,
				3B660FC02029A80D00596DF6 /* PhotoSelectorCell.swift */,
				3B71FAB32029F92900D5745E /* PhotoSelectorHeader.swift */,
				3B71FAB5202ACE5700D5745E /* SharePhotoController.swift */,
			);
			path = AddPhoto;
			sourceTree = "<group>";
		};
		3B71FABB202F1B3000D5745E /* Search */ = {
			isa = PBXGroup;
			children = (
				3B71FABC202F1B5B00D5745E /* UserSearchController.swift */,
				3B390F3E202F20CE00D6B65C /* UserSearchCell.swift */,
			);
			path = Search;
			sourceTree = "<group>";
		};
		3BA71DBD203B1B8500B7534F /* Camera */ = {
			isa = PBXGroup;
			children = (
				3BA71DBE203B1C4700B7534F /* CameraController.swift */,
				3B10361D203FFE38005BA7DA /* PreviewPhotoContainerView.swift */,
				3B9E21AD2041194F00CE6E10 /* CustomAnimationPresentor.swift */,
				3B9E21AF2041A42200CE6E10 /* CustomAnimationDissmissor.swift */,
			);
			path = Camera;
			sourceTree = "<group>";
		};
		3BB177CB202C111B004615AA /* Home */ = {
			isa = PBXGroup;
			children = (
				3BB177CC202C113A004615AA /* HomeController.swift */,
				3BB177CE202C1164004615AA /* HomePostCell.swift */,
				3B7C61DC2047C73C00586B2B /* CommentsController.swift */,
				3B543DC52098300F00C43EFD /* CommentCell.swift */,
			);
			path = Home;
			sourceTree = "<group>";
		};
		3BFEE4A1202584B9009398A6 = {
			isa = PBXGroup;
			children = (
				3BFEE4AC202584B9009398A6 /* InstragramFirebase */,
				3BFEE4AB202584B9009398A6 /* Products */,
				4F17C4EA4E457647F2B1C47D /* Pods */,
				18EEA3529E7962BAE3908051 /* Frameworks */,
			);
			sourceTree = "<group>";
		};
		3BFEE4AB202584B9009398A6 /* Products */ = {
			isa = PBXGroup;
			children = (
				3BFEE4AA202584B9009398A6 /* InstragramFirebase.app */,
			);
			name = Products;
			sourceTree = "<group>";
		};
		3BFEE4AC202584B9009398A6 /* InstragramFirebase */ = {
			isa = PBXGroup;
			children = (
				3BFEE4BF2025D861009398A6 /* Utilities */,
				3B31A863202B212A002AE3FA /* Model */,
				3BA71DBD203B1B8500B7534F /* Camera */,
				3B71FABB202F1B3000D5745E /* Search */,
				3BB177CB202C111B004615AA /* Home */,
				3B660FBD2029817E00596DF6 /* AddPhoto */,
				3BFEE4DD202767D4009398A6 /* Login */,
				3BFEE4CB20272285009398A6 /* UserProfile */,
				3BFEE4C42026FCF5009398A6 /* MainTabBarController.swift */,
				3BFEE4AD202584B9009398A6 /* AppDelegate.swift */,
				3BFEE4B4202584B9009398A6 /* Assets.xcassets */,
				3BFEE4B6202584B9009398A6 /* LaunchScreen.storyboard */,
				3BFEE4B9202584B9009398A6 /* Info.plist */,
				3BFEE4C22025E59F009398A6 /* GoogleService-Info.plist */,
			);
			path = InstragramFirebase;
			sourceTree = "<group>";
		};
		3BFEE4BF2025D861009398A6 /* Utilities */ = {
			isa = PBXGroup;
			children = (
				3BFEE4C02025D89B009398A6 /* extensions.swift */,
				3B71FAB7202B549E00D5745E /* CustomImageView.swift */,
			);
			path = Utilities;
			sourceTree = "<group>";
		};
		3BFEE4CB20272285009398A6 /* UserProfile */ = {
			isa = PBXGroup;
			children = (
				3BFEE4C62026FDAF009398A6 /* UserProfileController.swift */,
				3BFEE4CC202722A7009398A6 /* UserProfileHeader.swift */,
				3B31A866202B21C2002AE3FA /* UserProfileCell.swift */,
			);
			path = UserProfile;
			sourceTree = "<group>";
		};
		3BFEE4DD202767D4009398A6 /* Login */ = {
			isa = PBXGroup;
			children = (
				3BFEE4AF202584B9009398A6 /* SignUpViewController.swift */,
				3BFEE4DE20276805009398A6 /* LoginViewController.swift */,
			);
			path = Login;
			sourceTree = "<group>";
		};
		4F17C4EA4E457647F2B1C47D /* Pods */ = {
			isa = PBXGroup;
			children = (
				6369501C2BDB4C550281E0FA /* Pods-InstragramFirebase.debug.xcconfig */,
				68D228C22BDE54AAF20F38CD /* Pods-InstragramFirebase.release.xcconfig */,
			);
			name = Pods;
			sourceTree = "<group>";
		};
/* End PBXGroup section */

/* Begin PBXNativeTarget section */
		3BFEE4A9202584B9009398A6 /* InstragramFirebase */ = {
			isa = PBXNativeTarget;
			buildConfigurationList = 3BFEE4BC202584B9009398A6 /* Build configuration list for PBXNativeTarget "InstragramFirebase" */;
			buildPhases = (
				7B96835B5C258FE68B5DF3D1 /* [CP] Check Pods Manifest.lock */,
				3BFEE4A6202584B9009398A6 /* Sources */,
				3BFEE4A7202584B9009398A6 /* Frameworks */,
				3BFEE4A8202584B9009398A6 /* Resources */,
				2448A407CC80DD213ACE2828 /* [CP] Embed Pods Frameworks */,
				CA0518A00264EE14DDA60AE6 /* [CP] Copy Pods Resources */,
			);
			buildRules = (
			);
			dependencies = (
			);
			name = InstragramFirebase;
			productName = InstragramFirebase;
			productReference = 3BFEE4AA202584B9009398A6 /* InstragramFirebase.app */;
			productType = "com.apple.product-type.application";
		};
/* End PBXNativeTarget section */

/* Begin PBXProject section */
		3BFEE4A2202584B9009398A6 /* Project object */ = {
			isa = PBXProject;
			attributes = {
				LastSwiftUpdateCheck = 0920;
				LastUpgradeCheck = 0930;
				ORGANIZATIONNAME = jamfly;
				TargetAttributes = {
					3BFEE4A9202584B9009398A6 = {
						CreatedOnToolsVersion = 9.2;
						ProvisioningStyle = Automatic;
					};
				};
			};
			buildConfigurationList = 3BFEE4A5202584B9009398A6 /* Build configuration list for PBXProject "InstragramFirebase" */;
			compatibilityVersion = "Xcode 8.0";
			developmentRegion = en;
			hasScannedForEncodings = 0;
			knownRegions = (
				en,
				Base,
			);
			mainGroup = 3BFEE4A1202584B9009398A6;
			productRefGroup = 3BFEE4AB202584B9009398A6 /* Products */;
			projectDirPath = "";
			projectRoot = "";
			targets = (
				3BFEE4A9202584B9009398A6 /* InstragramFirebase */,
			);
		};
/* End PBXProject section */

/* Begin PBXResourcesBuildPhase section */
		3BFEE4A8202584B9009398A6 /* Resources */ = {
			isa = PBXResourcesBuildPhase;
			buildActionMask = 2147483647;
			files = (
				3BFEE4B8202584B9009398A6 /* LaunchScreen.storyboard in Resources */,
				3BFEE4B5202584B9009398A6 /* Assets.xcassets in Resources */,
				3BFEE4C32025E59F009398A6 /* GoogleService-Info.plist in Resources */,
			);
			runOnlyForDeploymentPostprocessing = 0;
		};
/* End PBXResourcesBuildPhase section */

/* Begin PBXShellScriptBuildPhase section */
		2448A407CC80DD213ACE2828 /* [CP] Embed Pods Frameworks */ = {
			isa = PBXShellScriptBuildPhase;
			buildActionMask = 2147483647;
			files = (
			);
			inputPaths = (
				"${SRCROOT}/Pods/Target Support Files/Pods-InstragramFirebase/Pods-InstragramFirebase-frameworks.sh",
				"${BUILT_PRODUCTS_DIR}/GTMSessionFetcher/GTMSessionFetcher.framework",
				"${BUILT_PRODUCTS_DIR}/GoogleToolboxForMac/GoogleToolboxForMac.framework",
				"${BUILT_PRODUCTS_DIR}/leveldb-library/leveldb.framework",
				"${BUILT_PRODUCTS_DIR}/nanopb/nanopb.framework",
			);
			name = "[CP] Embed Pods Frameworks";
			outputPaths = (
				"${TARGET_BUILD_DIR}/${FRAMEWORKS_FOLDER_PATH}/GTMSessionFetcher.framework",
				"${TARGET_BUILD_DIR}/${FRAMEWORKS_FOLDER_PATH}/GoogleToolboxForMac.framework",
				"${TARGET_BUILD_DIR}/${FRAMEWORKS_FOLDER_PATH}/leveldb.framework",
				"${TARGET_BUILD_DIR}/${FRAMEWORKS_FOLDER_PATH}/nanopb.framework",
			);
			runOnlyForDeploymentPostprocessing = 0;
			shellPath = /bin/sh;
			shellScript = "\"${SRCROOT}/Pods/Target Support Files/Pods-InstragramFirebase/Pods-InstragramFirebase-frameworks.sh\"\n";
			showEnvVarsInLog = 0;
		};
		7B96835B5C258FE68B5DF3D1 /* [CP] Check Pods Manifest.lock */ = {
			isa = PBXShellScriptBuildPhase;
			buildActionMask = 2147483647;
			files = (
			);
			inputPaths = (
				"${PODS_PODFILE_DIR_PATH}/Podfile.lock",
				"${PODS_ROOT}/Manifest.lock",
			);
			name = "[CP] Check Pods Manifest.lock";
			outputPaths = (
				"$(DERIVED_FILE_DIR)/Pods-InstragramFirebase-checkManifestLockResult.txt",
			);
			runOnlyForDeploymentPostprocessing = 0;
			shellPath = /bin/sh;
			shellScript = "diff \"${PODS_PODFILE_DIR_PATH}/Podfile.lock\" \"${PODS_ROOT}/Manifest.lock\" > /dev/null\nif [ $? != 0 ] ; then\n    # print error to STDERR\n    echo \"error: The sandbox is not in sync with the Podfile.lock. Run 'pod install' or update your CocoaPods installation.\" >&2\n    exit 1\nfi\n# This output is used by Xcode 'outputs' to avoid re-running this script phase.\necho \"SUCCESS\" > \"${SCRIPT_OUTPUT_FILE_0}\"\n";
			showEnvVarsInLog = 0;
		};
		CA0518A00264EE14DDA60AE6 /* [CP] Copy Pods Resources */ = {
			isa = PBXShellScriptBuildPhase;
			buildActionMask = 2147483647;
			files = (
			);
			inputPaths = (
			);
			name = "[CP] Copy Pods Resources";
			outputPaths = (
			);
			runOnlyForDeploymentPostprocessing = 0;
			shellPath = /bin/sh;
			shellScript = "\"${SRCROOT}/Pods/Target Support Files/Pods-InstragramFirebase/Pods-InstragramFirebase-resources.sh\"\n";
			showEnvVarsInLog = 0;
		};
/* End PBXShellScriptBuildPhase section */

/* Begin PBXSourcesBuildPhase section */
		3BFEE4A6202584B9009398A6 /* Sources */ = {
			isa = PBXSourcesBuildPhase;
			buildActionMask = 2147483647;
			files = (
				3B9E21AE2041194F00CE6E10 /* CustomAnimationPresentor.swift in Sources */,
				3B71FAB6202ACE5700D5745E /* SharePhotoController.swift in Sources */,
				3BFEE4DF20276805009398A6 /* LoginViewController.swift in Sources */,
				3B10361E203FFE38005BA7DA /* PreviewPhotoContainerView.swift in Sources */,
				3B660FC12029A80D00596DF6 /* PhotoSelectorCell.swift in Sources */,
				3B543DC62098300F00C43EFD /* CommentCell.swift in Sources */,
				3B7C61DD2047C73C00586B2B /* CommentsController.swift in Sources */,
				3B71FAB8202B549E00D5745E /* CustomImageView.swift in Sources */,
				3B31A865202B213B002AE3FA /* Post.swift in Sources */,
				3B390F3F202F20CE00D6B65C /* UserSearchCell.swift in Sources */,
				3BA71DBF203B1C4700B7534F /* CameraController.swift in Sources */,
				3BFEE4B0202584B9009398A6 /* SignUpViewController.swift in Sources */,
				3BFEE4AE202584B9009398A6 /* AppDelegate.swift in Sources */,
				3B71FABA202D70A400D5745E /* User.swift in Sources */,
				3BFEE4C52026FCF5009398A6 /* MainTabBarController.swift in Sources */,
				3B31A867202B21C2002AE3FA /* UserProfileCell.swift in Sources */,
				3BFEE4CD202722A7009398A6 /* UserProfileHeader.swift in Sources */,
				3BFEE4C72026FDAF009398A6 /* UserProfileController.swift in Sources */,
				3BFEE4C12025D89B009398A6 /* extensions.swift in Sources */,
				3BB177CF202C1164004615AA /* HomePostCell.swift in Sources */,
				3B71FAB42029F92900D5745E /* PhotoSelectorHeader.swift in Sources */,
				3B543DC82098313800C43EFD /* Comment.swift in Sources */,
				3B9E21B02041A42200CE6E10 /* CustomAnimationDissmissor.swift in Sources */,
				3B660FBF202981AE00596DF6 /* PhotoSelectorController.swift in Sources */,
				3B71FABD202F1B5B00D5745E /* UserSearchController.swift in Sources */,
				3BB177CD202C113A004615AA /* HomeController.swift in Sources */,
			);
			runOnlyForDeploymentPostprocessing = 0;
		};
/* End PBXSourcesBuildPhase section */

/* Begin PBXVariantGroup section */
		3BFEE4B6202584B9009398A6 /* LaunchScreen.storyboard */ = {
			isa = PBXVariantGroup;
			children = (
				3BFEE4B7202584B9009398A6 /* Base */,
			);
			name = LaunchScreen.storyboard;
			sourceTree = "<group>";
		};
/* End PBXVariantGroup section */

/* Begin XCBuildConfiguration section */
		3BFEE4BA202584B9009398A6 /* Debug */ = {
			isa = XCBuildConfiguration;
			buildSettings = {
				ALWAYS_SEARCH_USER_PATHS = NO;
				CLANG_ANALYZER_NONNULL = YES;
				CLANG_ANALYZER_NUMBER_OBJECT_CONVERSION = YES_AGGRESSIVE;
				CLANG_CXX_LANGUAGE_STANDARD = "gnu++14";
				CLANG_CXX_LIBRARY = "libc++";
				CLANG_ENABLE_MODULES = YES;
				CLANG_ENABLE_OBJC_ARC = YES;
				CLANG_WARN_BLOCK_CAPTURE_AUTORELEASING = YES;
				CLANG_WARN_BOOL_CONVERSION = YES;
				CLANG_WARN_COMMA = YES;
				CLANG_WARN_CONSTANT_CONVERSION = YES;
				CLANG_WARN_DEPRECATED_OBJC_IMPLEMENTATIONS = YES;
				CLANG_WARN_DIRECT_OBJC_ISA_USAGE = YES_ERROR;
				CLANG_WARN_DOCUMENTATION_COMMENTS = YES;
				CLANG_WARN_EMPTY_BODY = YES;
				CLANG_WARN_ENUM_CONVERSION = YES;
				CLANG_WARN_INFINITE_RECURSION = YES;
				CLANG_WARN_INT_CONVERSION = YES;
				CLANG_WARN_NON_LITERAL_NULL_CONVERSION = YES;
				CLANG_WARN_OBJC_IMPLICIT_RETAIN_SELF = YES;
				CLANG_WARN_OBJC_LITERAL_CONVERSION = YES;
				CLANG_WARN_OBJC_ROOT_CLASS = YES_ERROR;
				CLANG_WARN_RANGE_LOOP_ANALYSIS = YES;
				CLANG_WARN_STRICT_PROTOTYPES = YES;
				CLANG_WARN_SUSPICIOUS_MOVE = YES;
				CLANG_WARN_UNGUARDED_AVAILABILITY = YES_AGGRESSIVE;
				CLANG_WARN_UNREACHABLE_CODE = YES;
				CLANG_WARN__DUPLICATE_METHOD_MATCH = YES;
				CODE_SIGN_IDENTITY = "iPhone Developer";
				COPY_PHASE_STRIP = NO;
				DEBUG_INFORMATION_FORMAT = dwarf;
				ENABLE_STRICT_OBJC_MSGSEND = YES;
				ENABLE_TESTABILITY = YES;
				GCC_C_LANGUAGE_STANDARD = gnu11;
				GCC_DYNAMIC_NO_PIC = NO;
				GCC_NO_COMMON_BLOCKS = YES;
				GCC_OPTIMIZATION_LEVEL = 0;
				GCC_PREPROCESSOR_DEFINITIONS = (
					"DEBUG=1",
					"$(inherited)",
				);
				GCC_WARN_64_TO_32_BIT_CONVERSION = YES;
				GCC_WARN_ABOUT_RETURN_TYPE = YES_ERROR;
				GCC_WARN_UNDECLARED_SELECTOR = YES;
				GCC_WARN_UNINITIALIZED_AUTOS = YES_AGGRESSIVE;
				GCC_WARN_UNUSED_FUNCTION = YES;
				GCC_WARN_UNUSED_VARIABLE = YES;
				IPHONEOS_DEPLOYMENT_TARGET = 11.3;
				MTL_ENABLE_DEBUG_INFO = YES;
				ONLY_ACTIVE_ARCH = YES;
				SDKROOT = iphoneos;
				SWIFT_ACTIVE_COMPILATION_CONDITIONS = DEBUG;
				SWIFT_OPTIMIZATION_LEVEL = "-Onone";
			};
			name = Debug;
		};
		3BFEE4BB202584B9009398A6 /* Release */ = {
			isa = XCBuildConfiguration;
			buildSettings = {
				ALWAYS_SEARCH_USER_PATHS = NO;
				CLANG_ANALYZER_NONNULL = YES;
				CLANG_ANALYZER_NUMBER_OBJECT_CONVERSION = YES_AGGRESSIVE;
				CLANG_CXX_LANGUAGE_STANDARD = "gnu++14";
				CLANG_CXX_LIBRARY = "libc++";
				CLANG_ENABLE_MODULES = YES;
				CLANG_ENABLE_OBJC_ARC = YES;
				CLANG_WARN_BLOCK_CAPTURE_AUTORELEASING = YES;
				CLANG_WARN_BOOL_CONVERSION = YES;
				CLANG_WARN_COMMA = YES;
				CLANG_WARN_CONSTANT_CONVERSION = YES;
				CLANG_WARN_DEPRECATED_OBJC_IMPLEMENTATIONS = YES;
				CLANG_WARN_DIRECT_OBJC_ISA_USAGE = YES_ERROR;
				CLANG_WARN_DOCUMENTATION_COMMENTS = YES;
				CLANG_WARN_EMPTY_BODY = YES;
				CLANG_WARN_ENUM_CONVERSION = YES;
				CLANG_WARN_INFINITE_RECURSION = YES;
				CLANG_WARN_INT_CONVERSION = YES;
				CLANG_WARN_NON_LITERAL_NULL_CONVERSION = YES;
				CLANG_WARN_OBJC_IMPLICIT_RETAIN_SELF = YES;
				CLANG_WARN_OBJC_LITERAL_CONVERSION = YES;
				CLANG_WARN_OBJC_ROOT_CLASS = YES_ERROR;
				CLANG_WARN_RANGE_LOOP_ANALYSIS = YES;
				CLANG_WARN_STRICT_PROTOTYPES = YES;
				CLANG_WARN_SUSPICIOUS_MOVE = YES;
				CLANG_WARN_UNGUARDED_AVAILABILITY = YES_AGGRESSIVE;
				CLANG_WARN_UNREACHABLE_CODE = YES;
				CLANG_WARN__DUPLICATE_METHOD_MATCH = YES;
				CODE_SIGN_IDENTITY = "iPhone Developer";
				COPY_PHASE_STRIP = NO;
				DEBUG_INFORMATION_FORMAT = "dwarf-with-dsym";
				ENABLE_NS_ASSERTIONS = NO;
				ENABLE_STRICT_OBJC_MSGSEND = YES;
				GCC_C_LANGUAGE_STANDARD = gnu11;
				GCC_NO_COMMON_BLOCKS = YES;
				GCC_WARN_64_TO_32_BIT_CONVERSION = YES;
				GCC_WARN_ABOUT_RETURN_TYPE = YES_ERROR;
				GCC_WARN_UNDECLARED_SELECTOR = YES;
				GCC_WARN_UNINITIALIZED_AUTOS = YES_AGGRESSIVE;
				GCC_WARN_UNUSED_FUNCTION = YES;
				GCC_WARN_UNUSED_VARIABLE = YES;
				IPHONEOS_DEPLOYMENT_TARGET = 11.3;
				MTL_ENABLE_DEBUG_INFO = NO;
				SDKROOT = iphoneos;
				SWIFT_OPTIMIZATION_LEVEL = "-Owholemodule";
				VALIDATE_PRODUCT = YES;
			};
			name = Release;
		};
		3BFEE4BD202584B9009398A6 /* Debug */ = {
			isa = XCBuildConfiguration;
			baseConfigurationReference = 6369501C2BDB4C550281E0FA /* Pods-InstragramFirebase.debug.xcconfig */;
			buildSettings = {
				ALWAYS_EMBED_SWIFT_STANDARD_LIBRARIES = YES;
				ASSETCATALOG_COMPILER_APPICON_NAME = AppIcon;
				CLANG_WARN_OBJC_IMPLICIT_RETAIN_SELF = NO;
				CODE_SIGN_STYLE = Automatic;
				DEVELOPMENT_TEAM = JN4N46RBA6;
				INFOPLIST_FILE = InstragramFirebase/Info.plist;
				IPHONEOS_DEPLOYMENT_TARGET = 11.0;
				LD_RUNPATH_SEARCH_PATHS = "$(inherited) @executable_path/Frameworks";
				OTHER_LDFLAGS = (
					"$(inherited)",
					"-ObjC",
					"-l\"c++\"",
					"-l\"icucore\"",
					"-l\"sqlite3\"",
					"-l\"z\"",
					"-framework",
					"\"CFNetwork\"",
					"-framework",
					"\"FirebaseAnalytics\"",
					"-framework",
					"\"FirebaseAuth\"",
					"-framework",
					"\"FirebaseCore\"",
					"-framework",
					"\"FirebaseCoreDiagnostics\"",
					"-framework",
					"\"FirebaseDatabase\"",
					"-framework",
					"\"FirebaseInstanceID\"",
					"-framework",
					"\"FirebaseNanoPB\"",
					"-framework",
					"\"FirebaseStorage\"",
					"-framework",
					"\"GTMSessionFetcher\"",
					"-framework",
					"\"GoogleToolboxForMac\"",
					"-framework",
					"\"MobileCoreServices\"",
					"-framework",
					"\"SafariServices\"",
					"-framework",
					"\"Security\"",
					"-framework",
					"\"StoreKit\"",
					"-framework",
					"\"SystemConfiguration\"",
					"-framework",
					"\"leveldb\"",
					"-framework",
					"\"nanopb\"",
				);
				PRODUCT_BUNDLE_IDENTIFIER = com.jamfly.InstragramFirebase;
				PRODUCT_NAME = "$(TARGET_NAME)";
				SWIFT_VERSION = 4.0;
				TARGETED_DEVICE_FAMILY = 1;
			};
			name = Debug;
		};
		3BFEE4BE202584B9009398A6 /* Release */ = {
			isa = XCBuildConfiguration;
			baseConfigurationReference = 68D228C22BDE54AAF20F38CD /* Pods-InstragramFirebase.release.xcconfig */;
			buildSettings = {
				ALWAYS_EMBED_SWIFT_STANDARD_LIBRARIES = YES;
				ASSETCATALOG_COMPILER_APPICON_NAME = AppIcon;
				CLANG_WARN_OBJC_IMPLICIT_RETAIN_SELF = NO;
				CODE_SIGN_STYLE = Automatic;
				DEVELOPMENT_TEAM = JN4N46RBA6;
				INFOPLIST_FILE = InstragramFirebase/Info.plist;
				IPHONEOS_DEPLOYMENT_TARGET = 11.0;
				LD_RUNPATH_SEARCH_PATHS = "$(inherited) @executable_path/Frameworks";
				OTHER_LDFLAGS = (
					"$(inherited)",
					"-ObjC",
					"-l\"c++\"",
					"-l\"icucore\"",
					"-l\"sqlite3\"",
					"-l\"z\"",
					"-framework",
					"\"CFNetwork\"",
					"-framework",
					"\"FirebaseAnalytics\"",
					"-framework",
					"\"FirebaseAuth\"",
					"-framework",
					"\"FirebaseCore\"",
					"-framework",
					"\"FirebaseCoreDiagnostics\"",
					"-framework",
					"\"FirebaseDatabase\"",
					"-framework",
					"\"FirebaseInstanceID\"",
					"-framework",
					"\"FirebaseNanoPB\"",
					"-framework",
					"\"FirebaseStorage\"",
					"-framework",
					"\"GTMSessionFetcher\"",
					"-framework",
					"\"GoogleToolboxForMac\"",
					"-framework",
					"\"MobileCoreServices\"",
					"-framework",
					"\"SafariServices\"",
					"-framework",
					"\"Security\"",
					"-framework",
					"\"StoreKit\"",
					"-framework",
					"\"SystemConfiguration\"",
					"-framework",
					"\"leveldb\"",
					"-framework",
					"\"nanopb\"",
				);
				PRODUCT_BUNDLE_IDENTIFIER = com.jamfly.InstragramFirebase;
				PRODUCT_NAME = "$(TARGET_NAME)";
				SWIFT_VERSION = 4.0;
				TARGETED_DEVICE_FAMILY = 1;
			};
			name = Release;
		};
/* End XCBuildConfiguration section */

/* Begin XCConfigurationList section */
		3BFEE4A5202584B9009398A6 /* Build configuration list for PBXProject "InstragramFirebase" */ = {
			isa = XCConfigurationList;
			buildConfigurations = (
				3BFEE4BA202584B9009398A6 /* Debug */,
				3BFEE4BB202584B9009398A6 /* Release */,
			);
			defaultConfigurationIsVisible = 0;
			defaultConfigurationName = Release;
		};
		3BFEE4BC202584B9009398A6 /* Build configuration list for PBXNativeTarget "InstragramFirebase" */ = {
			isa = XCConfigurationList;
			buildConfigurations = (
				3BFEE4BD202584B9009398A6 /* Debug */,
				3BFEE4BE202584B9009398A6 /* Release */,
			);
			defaultConfigurationIsVisible = 0;
			defaultConfigurationName = Release;
		};
/* End XCConfigurationList section */
	};
	rootObject = 3BFEE4A2202584B9009398A6 /* Project object */;
}
